// !$*UTF8*$!
{
	archiveVersion = 1;
	classes = {
	};
	objectVersion = 56;
	objects = {

/* Begin PBXBuildFile section */
		F04989262C7F3FCE00CD384C /* CircleButtonView.swift in Sources */ = {isa = PBXBuildFile; fileRef = F04989252C7F3FCE00CD384C /* CircleButtonView.swift */; };
		F04989282C7F6CAF00CD384C /* CircleButtonAnimationView.swift in Sources */ = {isa = PBXBuildFile; fileRef = F04989272C7F6CAF00CD384C /* CircleButtonAnimationView.swift */; };
		F0FDF20C2C7E429B00E9B8DC /* SwiftfullCryptoApp.swift in Sources */ = {isa = PBXBuildFile; fileRef = F0FDF20B2C7E429B00E9B8DC /* SwiftfullCryptoApp.swift */; };
		F0FDF20E2C7E429B00E9B8DC /* ContentView.swift in Sources */ = {isa = PBXBuildFile; fileRef = F0FDF20D2C7E429B00E9B8DC /* ContentView.swift */; };
		F0FDF2132C7E429C00E9B8DC /* Preview Assets.xcassets in Resources */ = {isa = PBXBuildFile; fileRef = F0FDF2122C7E429C00E9B8DC /* Preview Assets.xcassets */; };
		F0FDF2472C7E433600E9B8DC /* Assets.xcassets in Resources */ = {isa = PBXBuildFile; fileRef = F0FDF2462C7E433600E9B8DC /* Assets.xcassets */; };
		F0FDF25C2C7E43A600E9B8DC /* String.swift in Sources */ = {isa = PBXBuildFile; fileRef = F0FDF2562C7E43A600E9B8DC /* String.swift */; };
		F0FDF25D2C7E43A600E9B8DC /* Color.swift in Sources */ = {isa = PBXBuildFile; fileRef = F0FDF2572C7E43A600E9B8DC /* Color.swift */; };
		F0FDF25E2C7E43A600E9B8DC /* Date.swift in Sources */ = {isa = PBXBuildFile; fileRef = F0FDF2582C7E43A600E9B8DC /* Date.swift */; };
		F0FDF25F2C7E43A600E9B8DC /* Double.swift in Sources */ = {isa = PBXBuildFile; fileRef = F0FDF2592C7E43A600E9B8DC /* Double.swift */; };
		F0FDF2612C7E43A600E9B8DC /* UIApplication.swift in Sources */ = {isa = PBXBuildFile; fileRef = F0FDF25B2C7E43A600E9B8DC /* UIApplication.swift */; };
		F0FDF2672C7E481100E9B8DC /* HomeView.swift in Sources */ = {isa = PBXBuildFile; fileRef = F0FDF2662C7E481100E9B8DC /* HomeView.swift */; };
/* End PBXBuildFile section */

/* Begin PBXFileReference section */
		F04989252C7F3FCE00CD384C /* CircleButtonView.swift */ = {isa = PBXFileReference; lastKnownFileType = sourcecode.swift; path = CircleButtonView.swift; sourceTree = "<group>"; };
		F04989272C7F6CAF00CD384C /* CircleButtonAnimationView.swift */ = {isa = PBXFileReference; lastKnownFileType = sourcecode.swift; path = CircleButtonAnimationView.swift; sourceTree = "<group>"; };
		F0FDF2082C7E429B00E9B8DC /* SwiftfullCrypto.app */ = {isa = PBXFileReference; explicitFileType = wrapper.application; includeInIndex = 0; path = SwiftfullCrypto.app; sourceTree = BUILT_PRODUCTS_DIR; };
		F0FDF20B2C7E429B00E9B8DC /* SwiftfullCryptoApp.swift */ = {isa = PBXFileReference; lastKnownFileType = sourcecode.swift; path = SwiftfullCryptoApp.swift; sourceTree = "<group>"; };
		F0FDF20D2C7E429B00E9B8DC /* ContentView.swift */ = {isa = PBXFileReference; lastKnownFileType = sourcecode.swift; path = ContentView.swift; sourceTree = "<group>"; };
		F0FDF2122C7E429C00E9B8DC /* Preview Assets.xcassets */ = {isa = PBXFileReference; lastKnownFileType = folder.assetcatalog; path = "Preview Assets.xcassets"; sourceTree = "<group>"; };
		F0FDF2462C7E433600E9B8DC /* Assets.xcassets */ = {isa = PBXFileReference; lastKnownFileType = folder.assetcatalog; name = Assets.xcassets; path = ../../../../../../Downloads/Resources/Assets.xcassets; sourceTree = "<group>"; };
		F0FDF2562C7E43A600E9B8DC /* String.swift */ = {isa = PBXFileReference; fileEncoding = 4; lastKnownFileType = sourcecode.swift; path = String.swift; sourceTree = "<group>"; };
		F0FDF2572C7E43A600E9B8DC /* Color.swift */ = {isa = PBXFileReference; fileEncoding = 4; lastKnownFileType = sourcecode.swift; path = Color.swift; sourceTree = "<group>"; };
		F0FDF2582C7E43A600E9B8DC /* Date.swift */ = {isa = PBXFileReference; fileEncoding = 4; lastKnownFileType = sourcecode.swift; path = Date.swift; sourceTree = "<group>"; };
		F0FDF2592C7E43A600E9B8DC /* Double.swift */ = {isa = PBXFileReference; fileEncoding = 4; lastKnownFileType = sourcecode.swift; path = Double.swift; sourceTree = "<group>"; };
		F0FDF25B2C7E43A600E9B8DC /* UIApplication.swift */ = {isa = PBXFileReference; fileEncoding = 4; lastKnownFileType = sourcecode.swift; path = UIApplication.swift; sourceTree = "<group>"; };
		F0FDF2662C7E481100E9B8DC /* HomeView.swift */ = {isa = PBXFileReference; lastKnownFileType = sourcecode.swift; path = HomeView.swift; sourceTree = "<group>"; };
/* End PBXFileReference section */

/* Begin PBXFrameworksBuildPhase section */
		F0FDF2052C7E429B00E9B8DC /* Frameworks */ = {
			isa = PBXFrameworksBuildPhase;
			buildActionMask = 2147483647;
			files = (
			);
			runOnlyForDeploymentPostprocessing = 0;
		};
/* End PBXFrameworksBuildPhase section */

/* Begin PBXGroup section */
		F04989232C7F3FB300CD384C /* Components */ = {
			isa = PBXGroup;
			children = (
				F04989242C7F3FBB00CD384C /* CircleButton */,
			);
			path = Components;
			sourceTree = "<group>";
		};
		F04989242C7F3FBB00CD384C /* CircleButton */ = {
			isa = PBXGroup;
			children = (
				F04989252C7F3FCE00CD384C /* CircleButtonView.swift */,
				F04989272C7F6CAF00CD384C /* CircleButtonAnimationView.swift */,
			);
			path = CircleButton;
			sourceTree = "<group>";
		};
		F0FDF1FF2C7E429B00E9B8DC = {
			isa = PBXGroup;
			children = (
				F0FDF20A2C7E429B00E9B8DC /* SwiftfullCrypto */,
				F0FDF2092C7E429B00E9B8DC /* Products */,
			);
			sourceTree = "<group>";
		};
		F0FDF2092C7E429B00E9B8DC /* Products */ = {
			isa = PBXGroup;
			children = (
				F0FDF2082C7E429B00E9B8DC /* SwiftfullCrypto.app */,
			);
			name = Products;
			sourceTree = "<group>";
		};
		F0FDF20A2C7E429B00E9B8DC /* SwiftfullCrypto */ = {
			isa = PBXGroup;
			children = (
				F0FDF20B2C7E429B00E9B8DC /* SwiftfullCryptoApp.swift */,
				F0FDF2552C7E438A00E9B8DC /* Extensions */,
				F0FDF2622C7E479B00E9B8DC /* Core */,
				F0FDF20D2C7E429B00E9B8DC /* ContentView.swift */,
				F0FDF2462C7E433600E9B8DC /* Assets.xcassets */,
				F0FDF2112C7E429C00E9B8DC /* Preview Content */,
			);
			path = SwiftfullCrypto;
			sourceTree = "<group>";
		};
		F0FDF2112C7E429C00E9B8DC /* Preview Content */ = {
			isa = PBXGroup;
			children = (
				F0FDF2122C7E429C00E9B8DC /* Preview Assets.xcassets */,
			);
			path = "Preview Content";
			sourceTree = "<group>";
		};
		F0FDF2552C7E438A00E9B8DC /* Extensions */ = {
			isa = PBXGroup;
			children = (
				F0FDF2572C7E43A600E9B8DC /* Color.swift */,
				F0FDF2582C7E43A600E9B8DC /* Date.swift */,
				F0FDF2592C7E43A600E9B8DC /* Double.swift */,
				F0FDF2562C7E43A600E9B8DC /* String.swift */,
				F0FDF25B2C7E43A600E9B8DC /* UIApplication.swift */,
			);
			path = Extensions;
			sourceTree = "<group>";
		};
		F0FDF2622C7E479B00E9B8DC /* Core */ = {
			isa = PBXGroup;
			children = (
				F04989232C7F3FB300CD384C /* Components */,
				F0FDF2632C7E47BB00E9B8DC /* Home */,
			);
			path = Core;
			sourceTree = "<group>";
		};
		F0FDF2632C7E47BB00E9B8DC /* Home */ = {
			isa = PBXGroup;
			children = (
				F0FDF2652C7E47D400E9B8DC /* ViewModels */,
				F0FDF2642C7E47C700E9B8DC /* Views */,
			);
			path = Home;
			sourceTree = "<group>";
		};
		F0FDF2642C7E47C700E9B8DC /* Views */ = {
			isa = PBXGroup;
			children = (
				F0FDF2662C7E481100E9B8DC /* HomeView.swift */,
			);
			path = Views;
			sourceTree = "<group>";
		};
		F0FDF2652C7E47D400E9B8DC /* ViewModels */ = {
			isa = PBXGroup;
			children = (
			);
			path = ViewModels;
			sourceTree = "<group>";
		};
/* End PBXGroup section */

/* Begin PBXNativeTarget section */
		F0FDF2072C7E429B00E9B8DC /* SwiftfullCrypto */ = {
			isa = PBXNativeTarget;
			buildConfigurationList = F0FDF2162C7E429C00E9B8DC /* Build configuration list for PBXNativeTarget "SwiftfullCrypto" */;
			buildPhases = (
				F0FDF2042C7E429B00E9B8DC /* Sources */,
				F0FDF2052C7E429B00E9B8DC /* Frameworks */,
				F0FDF2062C7E429B00E9B8DC /* Resources */,
			);
			buildRules = (
			);
			dependencies = (
			);
			name = SwiftfullCrypto;
			productName = SwiftfullCrypto;
			productReference = F0FDF2082C7E429B00E9B8DC /* SwiftfullCrypto.app */;
			productType = "com.apple.product-type.application";
		};
/* End PBXNativeTarget section */

/* Begin PBXProject section */
		F0FDF2002C7E429B00E9B8DC /* Project object */ = {
			isa = PBXProject;
			attributes = {
				BuildIndependentTargetsInParallel = 1;
				LastSwiftUpdateCheck = 1540;
				LastUpgradeCheck = 1540;
				TargetAttributes = {
					F0FDF2072C7E429B00E9B8DC = {
						CreatedOnToolsVersion = 15.4;
					};
				};
			};
			buildConfigurationList = F0FDF2032C7E429B00E9B8DC /* Build configuration list for PBXProject "SwiftfullCrypto" */;
			compatibilityVersion = "Xcode 14.0";
			developmentRegion = en;
			hasScannedForEncodings = 0;
			knownRegions = (
				en,
				Base,
			);
			mainGroup = F0FDF1FF2C7E429B00E9B8DC;
			productRefGroup = F0FDF2092C7E429B00E9B8DC /* Products */;
			projectDirPath = "";
			projectRoot = "";
			targets = (
				F0FDF2072C7E429B00E9B8DC /* SwiftfullCrypto */,
			);
		};
/* End PBXProject section */

/* Begin PBXResourcesBuildPhase section */
		F0FDF2062C7E429B00E9B8DC /* Resources */ = {
			isa = PBXResourcesBuildPhase;
			buildActionMask = 2147483647;
			files = (
				F0FDF2132C7E429C00E9B8DC /* Preview Assets.xcassets in Resources */,
				F0FDF2472C7E433600E9B8DC /* Assets.xcassets in Resources */,
			);
			runOnlyForDeploymentPostprocessing = 0;
		};
/* End PBXResourcesBuildPhase section */

/* Begin PBXSourcesBuildPhase section */
		F0FDF2042C7E429B00E9B8DC /* Sources */ = {
			isa = PBXSourcesBuildPhase;
			buildActionMask = 2147483647;
			files = (
				F0FDF2612C7E43A600E9B8DC /* UIApplication.swift in Sources */,
				F0FDF25C2C7E43A600E9B8DC /* String.swift in Sources */,
				F0FDF25E2C7E43A600E9B8DC /* Date.swift in Sources */,
				F0FDF25D2C7E43A600E9B8DC /* Color.swift in Sources */,
				F0FDF20E2C7E429B00E9B8DC /* ContentView.swift in Sources */,
				F0FDF2672C7E481100E9B8DC /* HomeView.swift in Sources */,
				F04989262C7F3FCE00CD384C /* CircleButtonView.swift in Sources */,
				F04989282C7F6CAF00CD384C /* CircleButtonAnimationView.swift in Sources */,
				F0FDF25F2C7E43A600E9B8DC /* Double.swift in Sources */,
				F0FDF20C2C7E429B00E9B8DC /* SwiftfullCryptoApp.swift in Sources */,
			);
			runOnlyForDeploymentPostprocessing = 0;
		};
/* End PBXSourcesBuildPhase section */

/* Begin XCBuildConfiguration section */
		F0FDF2142C7E429C00E9B8DC /* Debug */ = {
			isa = XCBuildConfiguration;
			buildSettings = {
				ALWAYS_SEARCH_USER_PATHS = NO;
				ASSETCATALOG_COMPILER_GENERATE_SWIFT_ASSET_SYMBOL_EXTENSIONS = YES;
				CLANG_ANALYZER_NONNULL = YES;
				CLANG_ANALYZER_NUMBER_OBJECT_CONVERSION = YES_AGGRESSIVE;
				CLANG_CXX_LANGUAGE_STANDARD = "gnu++20";
				CLANG_ENABLE_MODULES = YES;
				CLANG_ENABLE_OBJC_ARC = YES;
				CLANG_ENABLE_OBJC_WEAK = YES;
				CLANG_WARN_BLOCK_CAPTURE_AUTORELEASING = YES;
				CLANG_WARN_BOOL_CONVERSION = YES;
				CLANG_WARN_COMMA = YES;
				CLANG_WARN_CONSTANT_CONVERSION = YES;
				CLANG_WARN_DEPRECATED_OBJC_IMPLEMENTATIONS = YES;
				CLANG_WARN_DIRECT_OBJC_ISA_USAGE = YES_ERROR;
				CLANG_WARN_DOCUMENTATION_COMMENTS = YES;
				CLANG_WARN_EMPTY_BODY = YES;
				CLANG_WARN_ENUM_CONVERSION = YES;
				CLANG_WARN_INFINITE_RECURSION = YES;
				CLANG_WARN_INT_CONVERSION = YES;
				CLANG_WARN_NON_LITERAL_NULL_CONVERSION = YES;
				CLANG_WARN_OBJC_IMPLICIT_RETAIN_SELF = YES;
				CLANG_WARN_OBJC_LITERAL_CONVERSION = YES;
				CLANG_WARN_OBJC_ROOT_CLASS = YES_ERROR;
				CLANG_WARN_QUOTED_INCLUDE_IN_FRAMEWORK_HEADER = YES;
				CLANG_WARN_RANGE_LOOP_ANALYSIS = YES;
				CLANG_WARN_STRICT_PROTOTYPES = YES;
				CLANG_WARN_SUSPICIOUS_MOVE = YES;
				CLANG_WARN_UNGUARDED_AVAILABILITY = YES_AGGRESSIVE;
				CLANG_WARN_UNREACHABLE_CODE = YES;
				CLANG_WARN__DUPLICATE_METHOD_MATCH = YES;
				COPY_PHASE_STRIP = NO;
				DEBUG_INFORMATION_FORMAT = dwarf;
				ENABLE_STRICT_OBJC_MSGSEND = YES;
				ENABLE_TESTABILITY = YES;
				ENABLE_USER_SCRIPT_SANDBOXING = YES;
				GCC_C_LANGUAGE_STANDARD = gnu17;
				GCC_DYNAMIC_NO_PIC = NO;
				GCC_NO_COMMON_BLOCKS = YES;
				GCC_OPTIMIZATION_LEVEL = 0;
				GCC_PREPROCESSOR_DEFINITIONS = (
					"DEBUG=1",
					"$(inherited)",
				);
				GCC_WARN_64_TO_32_BIT_CONVERSION = YES;
				GCC_WARN_ABOUT_RETURN_TYPE = YES_ERROR;
				GCC_WARN_UNDECLARED_SELECTOR = YES;
				GCC_WARN_UNINITIALIZED_AUTOS = YES_AGGRESSIVE;
				GCC_WARN_UNUSED_FUNCTION = YES;
				GCC_WARN_UNUSED_VARIABLE = YES;
				IPHONEOS_DEPLOYMENT_TARGET = 17.5;
				LOCALIZATION_PREFERS_STRING_CATALOGS = YES;
				MTL_ENABLE_DEBUG_INFO = INCLUDE_SOURCE;
				MTL_FAST_MATH = YES;
				ONLY_ACTIVE_ARCH = YES;
				SDKROOT = iphoneos;
				SWIFT_ACTIVE_COMPILATION_CONDITIONS = "DEBUG $(inherited)";
				SWIFT_OPTIMIZATION_LEVEL = "-Onone";
			};
			name = Debug;
		};
		F0FDF2152C7E429C00E9B8DC /* Release */ = {
			isa = XCBuildConfiguration;
			buildSettings = {
				ALWAYS_SEARCH_USER_PATHS = NO;
				ASSETCATALOG_COMPILER_GENERATE_SWIFT_ASSET_SYMBOL_EXTENSIONS = YES;
				CLANG_ANALYZER_NONNULL = YES;
				CLANG_ANALYZER_NUMBER_OBJECT_CONVERSION = YES_AGGRESSIVE;
				CLANG_CXX_LANGUAGE_STANDARD = "gnu++20";
				CLANG_ENABLE_MODULES = YES;
				CLANG_ENABLE_OBJC_ARC = YES;
				CLANG_ENABLE_OBJC_WEAK = YES;
				CLANG_WARN_BLOCK_CAPTURE_AUTORELEASING = YES;
				CLANG_WARN_BOOL_CONVERSION = YES;
				CLANG_WARN_COMMA = YES;
				CLANG_WARN_CONSTANT_CONVERSION = YES;
				CLANG_WARN_DEPRECATED_OBJC_IMPLEMENTATIONS = YES;
				CLANG_WARN_DIRECT_OBJC_ISA_USAGE = YES_ERROR;
				CLANG_WARN_DOCUMENTATION_COMMENTS = YES;
				CLANG_WARN_EMPTY_BODY = YES;
				CLANG_WARN_ENUM_CONVERSION = YES;
				CLANG_WARN_INFINITE_RECURSION = YES;
				CLANG_WARN_INT_CONVERSION = YES;
				CLANG_WARN_NON_LITERAL_NULL_CONVERSION = YES;
				CLANG_WARN_OBJC_IMPLICIT_RETAIN_SELF = YES;
				CLANG_WARN_OBJC_LITERAL_CONVERSION = YES;
				CLANG_WARN_OBJC_ROOT_CLASS = YES_ERROR;
				CLANG_WARN_QUOTED_INCLUDE_IN_FRAMEWORK_HEADER = YES;
				CLANG_WARN_RANGE_LOOP_ANALYSIS = YES;
				CLANG_WARN_STRICT_PROTOTYPES = YES;
				CLANG_WARN_SUSPICIOUS_MOVE = YES;
				CLANG_WARN_UNGUARDED_AVAILABILITY = YES_AGGRESSIVE;
				CLANG_WARN_UNREACHABLE_CODE = YES;
				CLANG_WARN__DUPLICATE_METHOD_MATCH = YES;
				COPY_PHASE_STRIP = NO;
				DEBUG_INFORMATION_FORMAT = "dwarf-with-dsym";
				ENABLE_NS_ASSERTIONS = NO;
				ENABLE_STRICT_OBJC_MSGSEND = YES;
				ENABLE_USER_SCRIPT_SANDBOXING = YES;
				GCC_C_LANGUAGE_STANDARD = gnu17;
				GCC_NO_COMMON_BLOCKS = YES;
				GCC_WARN_64_TO_32_BIT_CONVERSION = YES;
				GCC_WARN_ABOUT_RETURN_TYPE = YES_ERROR;
				GCC_WARN_UNDECLARED_SELECTOR = YES;
				GCC_WARN_UNINITIALIZED_AUTOS = YES_AGGRESSIVE;
				GCC_WARN_UNUSED_FUNCTION = YES;
				GCC_WARN_UNUSED_VARIABLE = YES;
				IPHONEOS_DEPLOYMENT_TARGET = 17.5;
				LOCALIZATION_PREFERS_STRING_CATALOGS = YES;
				MTL_ENABLE_DEBUG_INFO = NO;
				MTL_FAST_MATH = YES;
				SDKROOT = iphoneos;
				SWIFT_COMPILATION_MODE = wholemodule;
				VALIDATE_PRODUCT = YES;
			};
			name = Release;
		};
		F0FDF2172C7E429C00E9B8DC /* Debug */ = {
			isa = XCBuildConfiguration;
			buildSettings = {
				ASSETCATALOG_COMPILER_APPICON_NAME = AppIcon;
				ASSETCATALOG_COMPILER_GLOBAL_ACCENT_COLOR_NAME = AccentColor;
				CODE_SIGN_STYLE = Automatic;
				CURRENT_PROJECT_VERSION = 1;
				DEVELOPMENT_ASSET_PATHS = "\"SwiftfullCrypto/Preview Content\"";
				DEVELOPMENT_TEAM = DHLFCHG948;
				ENABLE_PREVIEWS = YES;
				GENERATE_INFOPLIST_FILE = YES;
				INFOPLIST_KEY_UIApplicationSceneManifest_Generation = YES;
				INFOPLIST_KEY_UIApplicationSupportsIndirectInputEvents = YES;
				INFOPLIST_KEY_UILaunchScreen_Generation = YES;
				INFOPLIST_KEY_UISupportedInterfaceOrientations_iPad = "UIInterfaceOrientationPortrait UIInterfaceOrientationPortraitUpsideDown UIInterfaceOrientationLandscapeLeft UIInterfaceOrientationLandscapeRight";
				INFOPLIST_KEY_UISupportedInterfaceOrientations_iPhone = "UIInterfaceOrientationPortrait UIInterfaceOrientationLandscapeLeft UIInterfaceOrientationLandscapeRight";
				LD_RUNPATH_SEARCH_PATHS = (
					"$(inherited)",
					"@executable_path/Frameworks",
				);
				MARKETING_VERSION = 1.0;
				PRODUCT_BUNDLE_IDENTIFIER = com.tiagofc.SwiftfullCrypto;
				PRODUCT_NAME = "$(TARGET_NAME)";
				SWIFT_EMIT_LOC_STRINGS = YES;
				SWIFT_VERSION = 5.0;
				TARGETED_DEVICE_FAMILY = "1,2";
			};
			name = Debug;
		};
		F0FDF2182C7E429C00E9B8DC /* Release */ = {
			isa = XCBuildConfiguration;
			buildSettings = {
				ASSETCATALOG_COMPILER_APPICON_NAME = AppIcon;
				ASSETCATALOG_COMPILER_GLOBAL_ACCENT_COLOR_NAME = AccentColor;
				CODE_SIGN_STYLE = Automatic;
				CURRENT_PROJECT_VERSION = 1;
				DEVELOPMENT_ASSET_PATHS = "\"SwiftfullCrypto/Preview Content\"";
				DEVELOPMENT_TEAM = DHLFCHG948;
				ENABLE_PREVIEWS = YES;
				GENERATE_INFOPLIST_FILE = YES;
				INFOPLIST_KEY_UIApplicationSceneManifest_Generation = YES;
				INFOPLIST_KEY_UIApplicationSupportsIndirectInputEvents = YES;
				INFOPLIST_KEY_UILaunchScreen_Generation = YES;
				INFOPLIST_KEY_UISupportedInterfaceOrientations_iPad = "UIInterfaceOrientationPortrait UIInterfaceOrientationPortraitUpsideDown UIInterfaceOrientationLandscapeLeft UIInterfaceOrientationLandscapeRight";
				INFOPLIST_KEY_UISupportedInterfaceOrientations_iPhone = "UIInterfaceOrientationPortrait UIInterfaceOrientationLandscapeLeft UIInterfaceOrientationLandscapeRight";
				LD_RUNPATH_SEARCH_PATHS = (
					"$(inherited)",
					"@executable_path/Frameworks",
				);
				MARKETING_VERSION = 1.0;
				PRODUCT_BUNDLE_IDENTIFIER = com.tiagofc.SwiftfullCrypto;
				PRODUCT_NAME = "$(TARGET_NAME)";
				SWIFT_EMIT_LOC_STRINGS = YES;
				SWIFT_VERSION = 5.0;
				TARGETED_DEVICE_FAMILY = "1,2";
			};
			name = Release;
		};
/* End XCBuildConfiguration section */

/* Begin XCConfigurationList section */
		F0FDF2032C7E429B00E9B8DC /* Build configuration list for PBXProject "SwiftfullCrypto" */ = {
			isa = XCConfigurationList;
			buildConfigurations = (
				F0FDF2142C7E429C00E9B8DC /* Debug */,
				F0FDF2152C7E429C00E9B8DC /* Release */,
			);
			defaultConfigurationIsVisible = 0;
			defaultConfigurationName = Release;
		};
		F0FDF2162C7E429C00E9B8DC /* Build configuration list for PBXNativeTarget "SwiftfullCrypto" */ = {
			isa = XCConfigurationList;
			buildConfigurations = (
				F0FDF2172C7E429C00E9B8DC /* Debug */,
				F0FDF2182C7E429C00E9B8DC /* Release */,
			);
			defaultConfigurationIsVisible = 0;
			defaultConfigurationName = Release;
		};
/* End XCConfigurationList section */
	};
	rootObject = F0FDF2002C7E429B00E9B8DC /* Project object */;
}
